hash: 01712c4f2dc3a9e976e982f9510e47360ed493b54ba24263852556c4f89a0dc1
updated: 2017-10-14T16:59:27.071807146+08:00
imports:
- name: github.com/andybalholm/cascadia
  version: 349dd0209470eabd9514242c688c403c0926d266
- name: github.com/bububa/cron
  version: c0f1743e5d72367595ecbfd7548c6cb7721699ae
- name: github.com/certifi/gocertifi
  version: 3fd9e1adb12b72d2f3f82191d49be9b93c69f67c
- name: github.com/getsentry/raven-go
  version: b9f2aa2550bb0e89ab351d6fd59decd608b84ac1
- name: github.com/go-chi/chi
  version: f7c66f685bcab06bcce78ac212c5f3553c063d19
  subpackages:
  - middleware
- name: github.com/go-chi/render
  version: 9f855fadd4b8cde7773f9ef51f6b2705af239519
- name: github.com/kelseyhightower/envconfig
  version: f611eb38b3875cc3bd991ca91c51d06446afa14c
- name: github.com/pkg/errors
  version: 645ef00459ed84a119197bfb8d8205042c6df63d
- name: github.com/PuerkitoBio/goquery
  version: e1271ee34c6a305e38566ecd27ae374944907ee9
- name: golang.org/x/net
  version: 59a0b19b5533c7977ddeb86b017bf507ed407b12
  subpackages:
  - html
  - html/atom
testImports: []
