github.com/PuerkitoBio/goquery v1.1.0 h1:QUDKATbrxlrC/VtTGXPgSF28dtBbniZz0X2sp/Twom4=
github.com/PuerkitoBio/goquery v1.1.0/go.mod h1:T9ezsOHcCrDCgA8aF1Cqr3sSYbO/xgdy8/R/XiIMAhA=
github.com/ahmadmuzakkir/harga-minyak v0.0.0-20180619050312-3e467920457d h1:2le4G+y4pTA0xKAJyYBAIjyD6I9tuZmEH0q0aRy7meU=
github.com/ahmadmuzakkir/harga-minyak v0.0.0-20180619050312-3e467920457d/go.mod h1:Zm3dQFgiBgx25xz7rGjhPxOpdw2I/X7PbuB+cf6G93g=
github.com/andybalholm/cascadia v0.0.0-20161224141413-349dd0209470 h1:4jHLmof+Hba81591gfH5xYA8QXzuvgksxwPNrmjR2BA=
github.com/andybalholm/cascadia v0.0.0-20161224141413-349dd0209470/go.mod h1:3I+3V7B6gTBYfdpYgIG2ymALS9H+5VDKUl3lHH7ToM4=
github.com/bububa/cron v0.0.0-20170614082954-c0f1743e5d72 h1:GP0ELwH3RtDa/7zDHVjoyYzppJTyKbf7PvSQrfZ+Uak=
github.com/bububa/cron v0.0.0-20170614082954-c0f1743e5d72/go.mod h1:vMzEuOIAyHvLdPygvth/ykBlRW5mF9Rc0BVZVybNPAE=
github.com/certifi/gocertifi v0.0.0-20170727155124-3fd9e1adb12b h1:aKL6D1J3uESUIsImsFVtGA4/p9wlR4mNJ3lgRaxSXKs=
github.com/certifi/gocertifi v0.0.0-20170727155124-3fd9e1adb12b/go.mod h1:GJKEexRPVJrBSOjoqN5VNOIKJ5Q3RViH6eu3puDRwx4=
github.com/getsentry/raven-go v0.0.0-20170605202942-b9f2aa2550bb h1:qPUqFwMMO21HMhKQODdqJAbpnIyRwJSI38bK5vc1EL8=
github.com/getsentry/raven-go v0.0.0-20170605202942-b9f2aa2550bb/go.mod h1:KungGk8q33+aIAZUIVWZDr2OfAEBsO49PX4NzFV5kcQ=
github.com/go-chi/chi v3.3.0+incompatible h1:19pl0NEHtjUmuCdXZpZ4RP3dJWdf05Fg8DDTFLnq++8=
github.com/go-chi/chi v3.3.0+incompatible/go.mod h1:eB3wogJHnLi3x/kFX2A+IbTBlXxmMeXJVKy9tTv1XzQ=
github.com/go-chi/render v1.0.0 h1:cLJlkaTB4xfx5rWhtoB0BSXsXVJKWFqv08Y3cR1bZKA=
github.com/go-chi/render v1.0.0/go.mod h1:pq4Rr7HbnsdaeHagklXub+p6Wd16Af5l9koip1OvJns=
github.com/kelseyhightower/envconfig v1.3.0 h1:IvRS4f2VcIQy6j4ORGIf9145T/AsUB+oY8LyvN8BXNM=
github.com/kelseyhightower/envconfig v1.3.0/go.mod h1:cccZRl6mQpaq41TPp5QxidR+Sa3axMbJDNb//FQX6Gg=
github.com/pkg/errors v0.8.0 h1:WdK/asTD0HN+q6hsWO3/vpuAkAr+tw6aNJNDFFf0+qw=
github.com/pkg/errors v0.8.0/go.mod h1:bwawxfHBFNV+L2hUp1rHADufV3IMtnDRdf1r5NINEl0=
golang.org/x/net v0.0.0-20170605033737-59a0b19b5533 h1:k1I8hvxwKeqVIuqJqD9j/Ct0IVOj2+8F54ywQJpUAt0=
golang.org/x/net v0.0.0-20170605033737-59a0b19b5533/go.mod h1:mL1N/T3taQHkDXs73rZJwtUhF3w3ftmwwsq0BUmARs4=
